
Microsoft Visual Studio Solution File, Format Version 12.00
# Visual Studio Version 16
VisualStudioVersion = 16.0.30330.147
MinimumVisualStudioVersion = 10.0.40219.1
Project("{FAE04EC0-301F-11D3-BF4B-00C04F79EFBC}") = "S2E1-EntradaSaida", "S2E1-EntradaSaida\S2E1-EntradaSaida.csproj", "{312BCABC-6573-41D5-83D0-9D19826D0F26}"
EndProject
Global
	GlobalSection(SolutionConfigurationPlatforms) = preSolution
		Debug|Any CPU = Debug|Any CPU
		Release|Any CPU = Release|Any CPU
	EndGlobalSection
	GlobalSection(ProjectConfigurationPlatforms) = postSolution
		{312BCABC-6573-41D5-83D0-9D19826D0F26}.Debug|Any CPU.ActiveCfg = Debug|Any CPU
		{312BCABC-6573-41D5-83D0-9D19826D0F26}.Debug|Any CPU.Build.0 = Debug|Any CPU
		{312BCABC-6573-41D5-83D0-9D19826D0F26}.Release|Any CPU.ActiveCfg = Release|Any CPU
		{312BCABC-6573-41D5-83D0-9D19826D0F26}.Release|Any CPU.Build.0 = Release|Any CPU
	EndGlobalSection
	GlobalSection(SolutionProperties) = preSolution
		HideSolutionNode = FALSE
	EndGlobalSection
	GlobalSection(ExtensibilityGlobals) = postSolution
		SolutionGuid = {01EFCEFB-2F8D-4D1C-8A33-9C935069CC08}
	EndGlobalSection
EndGlobal
